
Microsoft Visual Studio Solution File, Format Version 12.00
# Visual Studio Version 17
VisualStudioVersion = 17.8.34330.188
MinimumVisualStudioVersion = 10.0.40219.1
Project("{9A19103F-16F7-4668-BE54-9A1E7A4F7556}") = "WPFBingoCaller", "WPFBingoCaller\WPFBingoCaller.csproj", "{3075DDC4-8F57-461D-8AE2-D45BCF281378}"
EndProject
Project("{9A19103F-16F7-4668-BE54-9A1E7A4F7556}") = "BingoCallerLibrary", "BingoCallerLibrary\BingoCallerLibrary.csproj", "{6973ED4F-6165-48F7-BE5E-3C1745E0D4ED}"
EndProject
Global
	GlobalSection(SolutionConfigurationPlatforms) = preSolution
		Debug|Any CPU = Debug|Any CPU
		Release|Any CPU = Release|Any CPU
	EndGlobalSection
	GlobalSection(ProjectConfigurationPlatforms) = postSolution
		{3075DDC4-8F57-461D-8AE2-D45BCF281378}.Debug|Any CPU.ActiveCfg = Debug|Any CPU
		{3075DDC4-8F57-461D-8AE2-D45BCF281378}.Debug|Any CPU.Build.0 = Debug|Any CPU
		{3075DDC4-8F57-461D-8AE2-D45BCF281378}.Release|Any CPU.ActiveCfg = Release|Any CPU
		{3075DDC4-8F57-461D-8AE2-D45BCF281378}.Release|Any CPU.Build.0 = Release|Any CPU
		{6973ED4F-6165-48F7-BE5E-3C1745E0D4ED}.Debug|Any CPU.ActiveCfg = Debug|Any CPU
		{6973ED4F-6165-48F7-BE5E-3C1745E0D4ED}.Debug|Any CPU.Build.0 = Debug|Any CPU
		{6973ED4F-6165-48F7-BE5E-3C1745E0D4ED}.Release|Any CPU.ActiveCfg = Release|Any CPU
		{6973ED4F-6165-48F7-BE5E-3C1745E0D4ED}.Release|Any CPU.Build.0 = Release|Any CPU
	EndGlobalSection
	GlobalSection(SolutionProperties) = preSolution
		HideSolutionNode = FALSE
	EndGlobalSection
	GlobalSection(ExtensibilityGlobals) = postSolution
		SolutionGuid = {FFEF9DF0-CB19-4C9D-8B30-7C8190989F4F}
	EndGlobalSection
EndGlobal
